// !$*UTF8*$!
{
	archiveVersion = 1;
	classes = {
	};
	objectVersion = 50;
	objects = {

/* Begin PBXBuildFile section */
		637BE97926A485E800A6F628 /* AppDelegate.swift in Sources */ = {isa = PBXBuildFile; fileRef = 637BE97826A485E800A6F628 /* AppDelegate.swift */; };
		637BE97B26A485E800A6F628 /* SceneDelegate.swift in Sources */ = {isa = PBXBuildFile; fileRef = 637BE97A26A485E800A6F628 /* SceneDelegate.swift */; };
		637BE98026A485E800A6F628 /* Main.storyboard in Resources */ = {isa = PBXBuildFile; fileRef = 637BE97E26A485E800A6F628 /* Main.storyboard */; };
		637BE98326A485E800A6F628 /* MyMemory.xcdatamodeld in Sources */ = {isa = PBXBuildFile; fileRef = 637BE98126A485E800A6F628 /* MyMemory.xcdatamodeld */; };
		637BE98526A485EA00A6F628 /* Assets.xcassets in Resources */ = {isa = PBXBuildFile; fileRef = 637BE98426A485EA00A6F628 /* Assets.xcassets */; };
		637BE98826A485EA00A6F628 /* LaunchScreen.storyboard in Resources */ = {isa = PBXBuildFile; fileRef = 637BE98626A485EA00A6F628 /* LaunchScreen.storyboard */; };
		637BE99026A49B4D00A6F628 /* MemoListVC.swift in Sources */ = {isa = PBXBuildFile; fileRef = 637BE98F26A49B4D00A6F628 /* MemoListVC.swift */; };
		637BE99226A49B8200A6F628 /* MemoFormVC.swift in Sources */ = {isa = PBXBuildFile; fileRef = 637BE99126A49B8200A6F628 /* MemoFormVC.swift */; };
		637BE99426A49BA700A6F628 /* MemoReadVC.swift in Sources */ = {isa = PBXBuildFile; fileRef = 637BE99326A49BA700A6F628 /* MemoReadVC.swift */; };
		637BE99626A49BCC00A6F628 /* MemoCell.swift in Sources */ = {isa = PBXBuildFile; fileRef = 637BE99526A49BCC00A6F628 /* MemoCell.swift */; };
		6388983026A9E71300F142BC /* MemoData.swift in Sources */ = {isa = PBXBuildFile; fileRef = 6388982F26A9E71300F142BC /* MemoData.swift */; };
/* End PBXBuildFile section */

/* Begin PBXFileReference section */
		637BE97526A485E800A6F628 /* MyMemory.app */ = {isa = PBXFileReference; explicitFileType = wrapper.application; includeInIndex = 0; path = MyMemory.app; sourceTree = BUILT_PRODUCTS_DIR; };
		637BE97826A485E800A6F628 /* AppDelegate.swift */ = {isa = PBXFileReference; lastKnownFileType = sourcecode.swift; path = AppDelegate.swift; sourceTree = "<group>"; };
		637BE97A26A485E800A6F628 /* SceneDelegate.swift */ = {isa = PBXFileReference; lastKnownFileType = sourcecode.swift; path = SceneDelegate.swift; sourceTree = "<group>"; };
		637BE97F26A485E800A6F628 /* Base */ = {isa = PBXFileReference; lastKnownFileType = file.storyboard; name = Base; path = Base.lproj/Main.storyboard; sourceTree = "<group>"; };
		637BE98226A485E800A6F628 /* MyMemory.xcdatamodel */ = {isa = PBXFileReference; lastKnownFileType = wrapper.xcdatamodel; path = MyMemory.xcdatamodel; sourceTree = "<group>"; };
		637BE98426A485EA00A6F628 /* Assets.xcassets */ = {isa = PBXFileReference; lastKnownFileType = folder.assetcatalog; path = Assets.xcassets; sourceTree = "<group>"; };
		637BE98726A485EA00A6F628 /* Base */ = {isa = PBXFileReference; lastKnownFileType = file.storyboard; name = Base; path = Base.lproj/LaunchScreen.storyboard; sourceTree = "<group>"; };
		637BE98926A485EA00A6F628 /* Info.plist */ = {isa = PBXFileReference; lastKnownFileType = text.plist.xml; path = Info.plist; sourceTree = "<group>"; };
		637BE98F26A49B4D00A6F628 /* MemoListVC.swift */ = {isa = PBXFileReference; lastKnownFileType = sourcecode.swift; path = MemoListVC.swift; sourceTree = "<group>"; };
		637BE99126A49B8200A6F628 /* MemoFormVC.swift */ = {isa = PBXFileReference; lastKnownFileType = sourcecode.swift; path = MemoFormVC.swift; sourceTree = "<group>"; };
		637BE99326A49BA700A6F628 /* MemoReadVC.swift */ = {isa = PBXFileReference; lastKnownFileType = sourcecode.swift; path = MemoReadVC.swift; sourceTree = "<group>"; };
		637BE99526A49BCC00A6F628 /* MemoCell.swift */ = {isa = PBXFileReference; lastKnownFileType = sourcecode.swift; path = MemoCell.swift; sourceTree = "<group>"; };
		6388982F26A9E71300F142BC /* MemoData.swift */ = {isa = PBXFileReference; lastKnownFileType = sourcecode.swift; path = MemoData.swift; sourceTree = "<group>"; };
/* End PBXFileReference section */

/* Begin PBXFrameworksBuildPhase section */
		637BE97226A485E800A6F628 /* Frameworks */ = {
			isa = PBXFrameworksBuildPhase;
			buildActionMask = 2147483647;
			files = (
			);
			runOnlyForDeploymentPostprocessing = 0;
		};
/* End PBXFrameworksBuildPhase section */

/* Begin PBXGroup section */
		637BE96C26A485E800A6F628 = {
			isa = PBXGroup;
			children = (
				637BE97726A485E800A6F628 /* MyMemory */,
				637BE97626A485E800A6F628 /* Products */,
			);
			sourceTree = "<group>";
		};
		637BE97626A485E800A6F628 /* Products */ = {
			isa = PBXGroup;
			children = (
				637BE97526A485E800A6F628 /* MyMemory.app */,
			);
			name = Products;
			sourceTree = "<group>";
		};
		637BE97726A485E800A6F628 /* MyMemory */ = {
			isa = PBXGroup;
			children = (
				637BE97826A485E800A6F628 /* AppDelegate.swift */,
				637BE97A26A485E800A6F628 /* SceneDelegate.swift */,
				637BE97E26A485E800A6F628 /* Main.storyboard */,
				6388982F26A9E71300F142BC /* MemoData.swift */,
				637BE98426A485EA00A6F628 /* Assets.xcassets */,
				637BE98626A485EA00A6F628 /* LaunchScreen.storyboard */,
				637BE98926A485EA00A6F628 /* Info.plist */,
				637BE98126A485E800A6F628 /* MyMemory.xcdatamodeld */,
				637BE98F26A49B4D00A6F628 /* MemoListVC.swift */,
				637BE99126A49B8200A6F628 /* MemoFormVC.swift */,
				637BE99326A49BA700A6F628 /* MemoReadVC.swift */,
				637BE99526A49BCC00A6F628 /* MemoCell.swift */,
			);
			path = MyMemory;
			sourceTree = "<group>";
		};
/* End PBXGroup section */

/* Begin PBXNativeTarget section */
		637BE97426A485E800A6F628 /* MyMemory */ = {
			isa = PBXNativeTarget;
			buildConfigurationList = 637BE98C26A485EA00A6F628 /* Build configuration list for PBXNativeTarget "MyMemory" */;
			buildPhases = (
				637BE97126A485E800A6F628 /* Sources */,
				637BE97226A485E800A6F628 /* Frameworks */,
				637BE97326A485E800A6F628 /* Resources */,
			);
			buildRules = (
			);
			dependencies = (
			);
			name = MyMemory;
			productName = MyMemory;
			productReference = 637BE97526A485E800A6F628 /* MyMemory.app */;
			productType = "com.apple.product-type.application";
		};
/* End PBXNativeTarget section */

/* Begin PBXProject section */
		637BE96D26A485E800A6F628 /* Project object */ = {
			isa = PBXProject;
			attributes = {
				LastSwiftUpdateCheck = 1250;
				LastUpgradeCheck = 1250;
				TargetAttributes = {
					637BE97426A485E800A6F628 = {
						CreatedOnToolsVersion = 12.5.1;
					};
				};
			};
			buildConfigurationList = 637BE97026A485E800A6F628 /* Build configuration list for PBXProject "MyMemory" */;
			compatibilityVersion = "Xcode 9.3";
			developmentRegion = en;
			hasScannedForEncodings = 0;
			knownRegions = (
				en,
				Base,
			);
			mainGroup = 637BE96C26A485E800A6F628;
			productRefGroup = 637BE97626A485E800A6F628 /* Products */;
			projectDirPath = "";
			projectRoot = "";
			targets = (
				637BE97426A485E800A6F628 /* MyMemory */,
			);
		};
/* End PBXProject section */

/* Begin PBXResourcesBuildPhase section */
		637BE97326A485E800A6F628 /* Resources */ = {
			isa = PBXResourcesBuildPhase;
			buildActionMask = 2147483647;
			files = (
				637BE98826A485EA00A6F628 /* LaunchScreen.storyboard in Resources */,
				637BE98526A485EA00A6F628 /* Assets.xcassets in Resources */,
				637BE98026A485E800A6F628 /* Main.storyboard in Resources */,
			);
			runOnlyForDeploymentPostprocessing = 0;
		};
/* End PBXResourcesBuildPhase section */

/* Begin PBXSourcesBuildPhase section */
		637BE97126A485E800A6F628 /* Sources */ = {
			isa = PBXSourcesBuildPhase;
			buildActionMask = 2147483647;
			files = (
				637BE99626A49BCC00A6F628 /* MemoCell.swift in Sources */,
				6388983026A9E71300F142BC /* MemoData.swift in Sources */,
				637BE98326A485E800A6F628 /* MyMemory.xcdatamodeld in Sources */,
				637BE99226A49B8200A6F628 /* MemoFormVC.swift in Sources */,
				637BE99426A49BA700A6F628 /* MemoReadVC.swift in Sources */,
				637BE97926A485E800A6F628 /* AppDelegate.swift in Sources */,
				637BE99026A49B4D00A6F628 /* MemoListVC.swift in Sources */,
				637BE97B26A485E800A6F628 /* SceneDelegate.swift in Sources */,
			);
			runOnlyForDeploymentPostprocessing = 0;
		};
/* End PBXSourcesBuildPhase section */

/* Begin PBXVariantGroup section */
		637BE97E26A485E800A6F628 /* Main.storyboard */ = {
			isa = PBXVariantGroup;
			children = (
				637BE97F26A485E800A6F628 /* Base */,
			);
			name = Main.storyboard;
			sourceTree = "<group>";
		};
		637BE98626A485EA00A6F628 /* LaunchScreen.storyboard */ = {
			isa = PBXVariantGroup;
			children = (
				637BE98726A485EA00A6F628 /* Base */,
			);
			name = LaunchScreen.storyboard;
			sourceTree = "<group>";
		};
/* End PBXVariantGroup section */

/* Begin XCBuildConfiguration section */
		637BE98A26A485EA00A6F628 /* Debug */ = {
			isa = XCBuildConfiguration;
			buildSettings = {
				ALWAYS_SEARCH_USER_PATHS = NO;
				CLANG_ANALYZER_NONNULL = YES;
				CLANG_ANALYZER_NUMBER_OBJECT_CONVERSION = YES_AGGRESSIVE;
				CLANG_CXX_LANGUAGE_STANDARD = "gnu++14";
				CLANG_CXX_LIBRARY = "libc++";
				CLANG_ENABLE_MODULES = YES;
				CLANG_ENABLE_OBJC_ARC = YES;
				CLANG_ENABLE_OBJC_WEAK = YES;
				CLANG_WARN_BLOCK_CAPTURE_AUTORELEASING = YES;
				CLANG_WARN_BOOL_CONVERSION = YES;
				CLANG_WARN_COMMA = YES;
				CLANG_WARN_CONSTANT_CONVERSION = YES;
				CLANG_WARN_DEPRECATED_OBJC_IMPLEMENTATIONS = YES;
				CLANG_WARN_DIRECT_OBJC_ISA_USAGE = YES_ERROR;
				CLANG_WARN_DOCUMENTATION_COMMENTS = YES;
				CLANG_WARN_EMPTY_BODY = YES;
				CLANG_WARN_ENUM_CONVERSION = YES;
				CLANG_WARN_INFINITE_RECURSION = YES;
				CLANG_WARN_INT_CONVERSION = YES;
				CLANG_WARN_NON_LITERAL_NULL_CONVERSION = YES;
				CLANG_WARN_OBJC_IMPLICIT_RETAIN_SELF = YES;
				CLANG_WARN_OBJC_LITERAL_CONVERSION = YES;
				CLANG_WARN_OBJC_ROOT_CLASS = YES_ERROR;
				CLANG_WARN_QUOTED_INCLUDE_IN_FRAMEWORK_HEADER = YES;
				CLANG_WARN_RANGE_LOOP_ANALYSIS = YES;
				CLANG_WARN_STRICT_PROTOTYPES = YES;
				CLANG_WARN_SUSPICIOUS_MOVE = YES;
				CLANG_WARN_UNGUARDED_AVAILABILITY = YES_AGGRESSIVE;
				CLANG_WARN_UNREACHABLE_CODE = YES;
				CLANG_WARN__DUPLICATE_METHOD_MATCH = YES;
				COPY_PHASE_STRIP = NO;
				DEBUG_INFORMATION_FORMAT = dwarf;
				ENABLE_STRICT_OBJC_MSGSEND = YES;
				ENABLE_TESTABILITY = YES;
				GCC_C_LANGUAGE_STANDARD = gnu11;
				GCC_DYNAMIC_NO_PIC = NO;
				GCC_NO_COMMON_BLOCKS = YES;
				GCC_OPTIMIZATION_LEVEL = 0;
				GCC_PREPROCESSOR_DEFINITIONS = (
					"DEBUG=1",
					"$(inherited)",
				);
				GCC_WARN_64_TO_32_BIT_CONVERSION = YES;
				GCC_WARN_ABOUT_RETURN_TYPE = YES_ERROR;
				GCC_WARN_UNDECLARED_SELECTOR = YES;
				GCC_WARN_UNINITIALIZED_AUTOS = YES_AGGRESSIVE;
				GCC_WARN_UNUSED_FUNCTION = YES;
				GCC_WARN_UNUSED_VARIABLE = YES;
				IPHONEOS_DEPLOYMENT_TARGET = 14.5;
				MTL_ENABLE_DEBUG_INFO = INCLUDE_SOURCE;
				MTL_FAST_MATH = YES;
				ONLY_ACTIVE_ARCH = YES;
				SDKROOT = iphoneos;
				SWIFT_ACTIVE_COMPILATION_CONDITIONS = DEBUG;
				SWIFT_OPTIMIZATION_LEVEL = "-Onone";
			};
			name = Debug;
		};
		637BE98B26A485EA00A6F628 /* Release */ = {
			isa = XCBuildConfiguration;
			buildSettings = {
				ALWAYS_SEARCH_USER_PATHS = NO;
				CLANG_ANALYZER_NONNULL = YES;
				CLANG_ANALYZER_NUMBER_OBJECT_CONVERSION = YES_AGGRESSIVE;
				CLANG_CXX_LANGUAGE_STANDARD = "gnu++14";
				CLANG_CXX_LIBRARY = "libc++";
				CLANG_ENABLE_MODULES = YES;
				CLANG_ENABLE_OBJC_ARC = YES;
				CLANG_ENABLE_OBJC_WEAK = YES;
				CLANG_WARN_BLOCK_CAPTURE_AUTORELEASING = YES;
				CLANG_WARN_BOOL_CONVERSION = YES;
				CLANG_WARN_COMMA = YES;
				CLANG_WARN_CONSTANT_CONVERSION = YES;
				CLANG_WARN_DEPRECATED_OBJC_IMPLEMENTATIONS = YES;
				CLANG_WARN_DIRECT_OBJC_ISA_USAGE = YES_ERROR;
				CLANG_WARN_DOCUMENTATION_COMMENTS = YES;
				CLANG_WARN_EMPTY_BODY = YES;
				CLANG_WARN_ENUM_CONVERSION = YES;
				CLANG_WARN_INFINITE_RECURSION = YES;
				CLANG_WARN_INT_CONVERSION = YES;
				CLANG_WARN_NON_LITERAL_NULL_CONVERSION = YES;
				CLANG_WARN_OBJC_IMPLICIT_RETAIN_SELF = YES;
				CLANG_WARN_OBJC_LITERAL_CONVERSION = YES;
				CLANG_WARN_OBJC_ROOT_CLASS = YES_ERROR;
				CLANG_WARN_QUOTED_INCLUDE_IN_FRAMEWORK_HEADER = YES;
				CLANG_WARN_RANGE_LOOP_ANALYSIS = YES;
				CLANG_WARN_STRICT_PROTOTYPES = YES;
				CLANG_WARN_SUSPICIOUS_MOVE = YES;
				CLANG_WARN_UNGUARDED_AVAILABILITY = YES_AGGRESSIVE;
				CLANG_WARN_UNREACHABLE_CODE = YES;
				CLANG_WARN__DUPLICATE_METHOD_MATCH = YES;
				COPY_PHASE_STRIP = NO;
				DEBUG_INFORMATION_FORMAT = "dwarf-with-dsym";
				ENABLE_NS_ASSERTIONS = NO;
				ENABLE_STRICT_OBJC_MSGSEND = YES;
				GCC_C_LANGUAGE_STANDARD = gnu11;
				GCC_NO_COMMON_BLOCKS = YES;
				GCC_WARN_64_TO_32_BIT_CONVERSION = YES;
				GCC_WARN_ABOUT_RETURN_TYPE = YES_ERROR;
				GCC_WARN_UNDECLARED_SELECTOR = YES;
				GCC_WARN_UNINITIALIZED_AUTOS = YES_AGGRESSIVE;
				GCC_WARN_UNUSED_FUNCTION = YES;
				GCC_WARN_UNUSED_VARIABLE = YES;
				IPHONEOS_DEPLOYMENT_TARGET = 14.5;
				MTL_ENABLE_DEBUG_INFO = NO;
				MTL_FAST_MATH = YES;
				SDKROOT = iphoneos;
				SWIFT_COMPILATION_MODE = wholemodule;
				SWIFT_OPTIMIZATION_LEVEL = "-O";
				VALIDATE_PRODUCT = YES;
			};
			name = Release;
		};
		637BE98D26A485EA00A6F628 /* Debug */ = {
			isa = XCBuildConfiguration;
			buildSettings = {
				ASSETCATALOG_COMPILER_APPICON_NAME = AppIcon;
				ASSETCATALOG_COMPILER_GLOBAL_ACCENT_COLOR_NAME = AccentColor;
				CODE_SIGN_STYLE = Automatic;
				DEVELOPMENT_TEAM = 4F28X63GKN;
				INFOPLIST_FILE = MyMemory/Info.plist;
				IPHONEOS_DEPLOYMENT_TARGET = 13.0;
				LD_RUNPATH_SEARCH_PATHS = (
					"$(inherited)",
					"@executable_path/Frameworks",
				);
				PRODUCT_BUNDLE_IDENTIFIER = com.example.MyMemory;
				PRODUCT_NAME = "$(TARGET_NAME)";
				SWIFT_VERSION = 5.0;
				TARGETED_DEVICE_FAMILY = 1;
			};
			name = Debug;
		};
		637BE98E26A485EA00A6F628 /* Release */ = {
			isa = XCBuildConfiguration;
			buildSettings = {
				ASSETCATALOG_COMPILER_APPICON_NAME = AppIcon;
				ASSETCATALOG_COMPILER_GLOBAL_ACCENT_COLOR_NAME = AccentColor;
				CODE_SIGN_STYLE = Automatic;
				DEVELOPMENT_TEAM = 4F28X63GKN;
				INFOPLIST_FILE = MyMemory/Info.plist;
				IPHONEOS_DEPLOYMENT_TARGET = 13.0;
				LD_RUNPATH_SEARCH_PATHS = (
					"$(inherited)",
					"@executable_path/Frameworks",
				);
				PRODUCT_BUNDLE_IDENTIFIER = com.example.MyMemory;
				PRODUCT_NAME = "$(TARGET_NAME)";
				SWIFT_VERSION = 5.0;
				TARGETED_DEVICE_FAMILY = 1;
			};
			name = Release;
		};
/* End XCBuildConfiguration section */

/* Begin XCConfigurationList section */
		637BE97026A485E800A6F628 /* Build configuration list for PBXProject "MyMemory" */ = {
			isa = XCConfigurationList;
			buildConfigurations = (
				637BE98A26A485EA00A6F628 /* Debug */,
				637BE98B26A485EA00A6F628 /* Release */,
			);
			defaultConfigurationIsVisible = 0;
			defaultConfigurationName = Release;
		};
		637BE98C26A485EA00A6F628 /* Build configuration list for PBXNativeTarget "MyMemory" */ = {
			isa = XCConfigurationList;
			buildConfigurations = (
				637BE98D26A485EA00A6F628 /* Debug */,
				637BE98E26A485EA00A6F628 /* Release */,
			);
			defaultConfigurationIsVisible = 0;
			defaultConfigurationName = Release;
		};
/* End XCConfigurationList section */

/* Begin XCVersionGroup section */
		637BE98126A485E800A6F628 /* MyMemory.xcdatamodeld */ = {
			isa = XCVersionGroup;
			children = (
				637BE98226A485E800A6F628 /* MyMemory.xcdatamodel */,
			);
			currentVersion = 637BE98226A485E800A6F628 /* MyMemory.xcdatamodel */;
			path = MyMemory.xcdatamodeld;
			sourceTree = "<group>";
			versionGroupType = wrapper.xcdatamodel;
		};
/* End XCVersionGroup section */
	};
	rootObject = 637BE96D26A485E800A6F628 /* Project object */;
}
